{
  "name": "min-caml-wasm",
  "version": "1.0.0",
  "lockfileVersion": 1,
  "requires": true,
  "dependencies": {
    "wabt": {
      "version": "1.0.11",
      "resolved": "https://registry.npmjs.org/wabt/-/wabt-1.0.11.tgz",
      "integrity": "sha512-cxcgi36iRDULPN/9l33WTz2AKzzTEkmodNAg1rg8csyg/0NJo3DHbAn5o/c8Z/XPq6fPfv6LlaK64G0pWpxuAQ==",
      "dev": true
    }
  }
}
